
Microsoft Visual Studio Solution File, Format Version 12.00
# Visual Studio Version 17
VisualStudioVersion = 17.4.33205.214
MinimumVisualStudioVersion = 10.0.40219.1
Project("{FAE04EC0-301F-11D3-BF4B-00C04F79EFBC}") = "KockaPoker", "KockaPoker.csproj", "{4FFA626A-5707-4C35-9F52-F6910274A5B2}"
EndProject
Global
	GlobalSection(SolutionConfigurationPlatforms) = preSolution
		Debug|Any CPU = Debug|Any CPU
		Release|Any CPU = Release|Any CPU
	EndGlobalSection
	GlobalSection(ProjectConfigurationPlatforms) = postSolution
		{4FFA626A-5707-4C35-9F52-F6910274A5B2}.Debug|Any CPU.ActiveCfg = Debug|Any CPU
		{4FFA626A-5707-4C35-9F52-F6910274A5B2}.Debug|Any CPU.Build.0 = Debug|Any CPU
		{4FFA626A-5707-4C35-9F52-F6910274A5B2}.Release|Any CPU.ActiveCfg = Release|Any CPU
		{4FFA626A-5707-4C35-9F52-F6910274A5B2}.Release|Any CPU.Build.0 = Release|Any CPU
	EndGlobalSection
	GlobalSection(SolutionProperties) = preSolution
		HideSolutionNode = FALSE
	EndGlobalSection
	GlobalSection(ExtensibilityGlobals) = postSolution
		SolutionGuid = {E05A6D7F-9A9F-4044-B8C2-9D67309772D4}
	EndGlobalSection
EndGlobal
